      "integrity": "sha512-jhuKLIRrhvCPLqwPcx6INqmKeiA5EWrsCOPhrlFSrbrmU4ZMPjj5Ul/oLCMDO98XRUIwVm78xICz4EPCektzeQ==",
      "optional": true,
      "peer": true
      "integrity": "sha512-nne9/IiQ/hzIhY6pdDnbBtz7DjPTKrY00P/zvPSm5pOFkl6xuGrGnXn/VtTNNfNtAfZ9/1RtehkszU9qcTii0Q==",
      "optional": true,
      "peer": true
      "optional": true,
      "peer": true,
      "optional": true,
      "peer": true,
      "optional": true,
      "peer": true,
      "optional": true,
      "peer": true,
      "optional": true,
      "peer": true,
      "optional": true,
      "peer": true,
      "optional": true,
      "peer": true,
      "integrity": "sha512-ty/fTekppD2fIwRvnZAVdeOiGd1c7YXEixbgJTNzqcxJWKQnjJ/V1bNEEE6hygpM3WjwHFUVK6HTjWSzV4a8sQ==",
      "optional": true,
      "peer": true
      "optional": true,
      "peer": true,
      "optional": true,
      "peer": true,
      "integrity": "sha512-bd2L678uiWATM6m5Z1VzNCErI3jiGzt6HGY8OVICs40JQq/HALfbyNJmp0UDakEY4pMMaN0Ly5om/B1VI/+xfQ==",
      "optional": true,
      "peer": true
      "peer": true,
      "peer": true,
      "optional": true,
      "peer": true,
      "integrity": "sha512-2bmlRpNKBxT/CRmPOlyISQpNj+qSeYvcym/uT0Jx2bMOlKLtSy1ZmLuVxSEKKyor/N5yhvp/ZiG1oE3DEYMSFA==",
      "optional": true,
      "peer": true
      "optional": true,
      "peer": true,
      "optional": true,
      "peer": true,
      "optional": true,
      "peer": true,
      "optional": true,
      "peer": true,
      "optional": true,
      "peer": true,
      "optional": true,
      "peer": true,
      "optional": true,
      "peer": true,
      "integrity": "sha512-8Rf9Y83NBReMnx0gFzA8JImQACstCYWUplepDa9xprwwtmgEZUF0h/i5xSA625zB/I37EtrswSST6OXxwaaIJQ==",
      "optional": true,
      "peer": true
      "integrity": "sha512-er295DKPVsV82j5kw1Gjt+ADA/XYHsajl82cGNQG2eyoPkvgUhX+nDIyelzhIWbbsXP39EHcI6l5tYs2FYqYXQ==",
      "optional": true,
      "peer": true
      "optional": true,
      "peer": true,
      "integrity": "sha512-z7CMFGNrENq5iFB9Bqo64Xk6Y9sg+epq1myIcdHaGnbMTYOxvzsEtdYqQUylB7LxfkvgrrjP32T6Ywciio9UIQ==",
      "optional": true,
      "peer": true
      "integrity": "sha512-pZe//GGmwJndub7ZghVHz7vjb2LgC1m8B07Au3eYqeqv9emhESByMXxaEgkUkEqJe87oBbSniGYoQNIBklc7IQ==",
      "optional": true,
      "peer": true
      "optional": true,
      "peer": true,
      "optional": true,
      "peer": true,
      "optional": true,
      "peer": true,
      "optional": true,
      "peer": true,
      "optional": true,
      "peer": true,
      "optional": true,
      "peer": true,
      "optional": true,
      "peer": true,
      "optional": true,
      "peer": true,
      "optional": true,
      "peer": true,
      "optional": true,
      "peer": true,
      "optional": true,
      "peer": true,
      "optional": true,
      "peer": true,
      "optional": true,
      "peer": true,
      "optional": true,
      "peer": true,
      "optional": true,
      "peer": true,
      "optional": true,
      "peer": true,
      "integrity": "sha512-3wdGidZyq5PB084XLES5TpOSRA3wjXAlIWMhum2kRcv/41Sn2emQ0dycQW4uZXLejwKvg6EsvbdlVL+FYEct7A==",
      "optional": true,
      "peer": true
      "optional": true,
      "peer": true,
      "optional": true,
      "peer": true,
      "optional": true,
      "peer": true,
      "optional": true,
      "peer": true,
      "optional": true,
      "peer": true,
      "optional": true,
      "peer": true,
      "optional": true,
      "peer": true,
      "integrity": "sha512-3wdGidZyq5PB084XLES5TpOSRA3wjXAlIWMhum2kRcv/41Sn2emQ0dycQW4uZXLejwKvg6EsvbdlVL+FYEct7A==",
      "optional": true,
      "peer": true
      "optional": true,
      "peer": true,
      "optional": true,
      "peer": true,
      "optional": true,
      "peer": true,
      "optional": true,
      "peer": true,
      "optional": true,
      "peer": true,
      "integrity": "sha512-2ZTgtl0nJsO0KQCjEpxcIr5D+Yv90plTitZt9JBfQvVJDS5seMl3FOvsh3+9CoYWXf/1l5OaZzzF6nDm4cagaQ==",
      "optional": true
      "optional": true,
      "peer": true,
      "optional": true,
      "peer": true,
      "optional": true,
      "peer": true,
      "optional": true,
      "peer": true,
      "optional": true,
      "peer": true,
      "optional": true,
      "peer": true,
      "integrity": "sha512-3wdGidZyq5PB084XLES5TpOSRA3wjXAlIWMhum2kRcv/41Sn2emQ0dycQW4uZXLejwKvg6EsvbdlVL+FYEct7A==",
      "optional": true,
      "peer": true
      "optional": true,
      "peer": true,
      "optional": true,
      "peer": true,
      "optional": true,
      "peer": true,
      "optional": true,
      "peer": true,
      "integrity": "sha512-dOy+3AuW3a2wNbZHIuMZpTcgjGuLU/uBL/ubcZF9OXbDo8ff4O8yVp5Bf0efS8uEoYo5q4Fx7dY9OgQGXgAsQA==",
      "optional": true,
      "peer": true
      "optional": true,
      "peer": true,
      "optional": true,
      "peer": true,
      "optional": true,
      "peer": true,
      "optional": true,
      "peer": true,
      "optional": true,
      "peer": true,
      "optional": true,
      "peer": true,
      "optional": true,
      "peer": true,
      "optional": true,
      "peer": true,
      "optional": true,
      "peer": true,
      "optional": true,
      "peer": true,
      "integrity": "sha512-dOy+3AuW3a2wNbZHIuMZpTcgjGuLU/uBL/ubcZF9OXbDo8ff4O8yVp5Bf0efS8uEoYo5q4Fx7dY9OgQGXgAsQA==",
      "optional": true,
      "peer": true
      "optional": true,
      "peer": true,
      "optional": true,
      "peer": true,
      "optional": true,
      "peer": true,
      "optional": true,
      "peer": true,
      "optional": true,
      "peer": true,
      "optional": true,
      "peer": true,
      "optional": true,
      "peer": true,
      "optional": true,
      "peer": true,
      "optional": true,
      "peer": true,
      "integrity": "sha512-WKa+XuLG1A1R0UWhl2+1XQSi+fZWMsYKffMZTTYsiZaUD8k2yDAj5atimTUD2TZkyCkNEeYE5NhFZmupOGtjYQ==",
      "optional": true,
      "peer": true
      "optional": true,
      "peer": true,
      "optional": true,
      "peer": true,
      "integrity": "sha512-0z3j8R7MCjy10kc/g+qg7Ln3alJTodw9aDuVWZa3uiWqfuBMKeAeP2ocWcxoyM3D73yz3Jt/Pu4qPr4wHSdB/Q==",
      "optional": true,
      "peer": true
      "optional": true,
      "peer": true,
      "integrity": "sha512-jhuKLIRrhvCPLqwPcx6INqmKeiA5EWrsCOPhrlFSrbrmU4ZMPjj5Ul/oLCMDO98XRUIwVm78xICz4EPCektzeQ==",
      "optional": true,
      "peer": true
      "integrity": "sha512-nne9/IiQ/hzIhY6pdDnbBtz7DjPTKrY00P/zvPSm5pOFkl6xuGrGnXn/VtTNNfNtAfZ9/1RtehkszU9qcTii0Q==",
      "optional": true,
      "peer": true
      "optional": true,
      "peer": true,
      "optional": true,
      "peer": true,
          "optional": true,
          "peer": true,
      "integrity": "sha512-VUeSMD8nEGBWaZK4lizI1sf3yEC7pnAQ/mrI7pC2fBz2s/tq5jWWEngTwaf0Gruu/OoXRGLGg1XFqpYBiGTYJA==",
      "optional": true,
      "peer": true
      "optional": true,
      "peer": true,
          "integrity": "sha512-L28STB170nwWS63UjtlEOE3dldQApaJXZkOI1uMFfzf3rRuPegHaHesyee+YxQ+W6SvRDQV6UrdOdRiR153wJg==",
          "optional": true,
          "peer": true
      "integrity": "sha512-qiBjkpbMLO/HL68y+lh4q0/O1MZFj2RX6X/KmMa3+gJD3z+WwI1ZzDHysvqHGS3mP6mznPckpXmw1nI9cJjyRg==",
      "optional": true,
      "peer": true
      "integrity": "sha512-ty/fTekppD2fIwRvnZAVdeOiGd1c7YXEixbgJTNzqcxJWKQnjJ/V1bNEEE6hygpM3WjwHFUVK6HTjWSzV4a8sQ==",
      "optional": true,
      "peer": true
      "optional": true,
      "peer": true,
          "integrity": "sha512-7N/q3lyZ+LVCp7PzuxrJr4KMbBE2hW7BT7YNia330OFxIf4d3r5zVpicP2650l7CPN6RM9zOJRl3NGpqSiw3Eg==",
          "optional": true,
          "peer": true
      "integrity": "sha512-bd2L678uiWATM6m5Z1VzNCErI3jiGzt6HGY8OVICs40JQq/HALfbyNJmp0UDakEY4pMMaN0Ly5om/B1VI/+xfQ==",
      "optional": true,
      "peer": true
      "peer": true,
          "peer": true,
      "integrity": "sha512-+h1lkLKhZMTYjog1VEpJNG7NZJWcuc2DDk/qsqSTRRCOXiLjeQ1d1/udrUGhqMxUgAlwKNZ0cf2uqan5GLuS2A==",
      "optional": true,
      "peer": true
      "integrity": "sha512-2bmlRpNKBxT/CRmPOlyISQpNj+qSeYvcym/uT0Jx2bMOlKLtSy1ZmLuVxSEKKyor/N5yhvp/ZiG1oE3DEYMSFA==",
      "optional": true,
      "peer": true
      "optional": true,
      "peer": true,
      "optional": true,
      "peer": true,
      "integrity": "sha512-F5aQMywwJ2n85s4hJPTT9RPxGmubonuB10MNYo17/xph174n2MIR33HRguhzVag10O/npM7SPk73LMZNP+FaWw==",
      "optional": true,
      "peer": true
      "optional": true,
      "peer": true,
          "optional": true,
          "peer": true,
          "optional": true,
          "peer": true,
      "integrity": "sha512-VIZB+ibDhx7ObhAe7OVtoEbuP4h/MuOTHJ+J8h/eBXotJYl0fBgR72xDFCKgIh22OJZIOVNxBMWuhAr10r8HdA==",
      "optional": true,
      "peer": true
      "integrity": "sha512-8Rf9Y83NBReMnx0gFzA8JImQACstCYWUplepDa9xprwwtmgEZUF0h/i5xSA625zB/I37EtrswSST6OXxwaaIJQ==",
      "optional": true,
      "peer": true
      "integrity": "sha512-er295DKPVsV82j5kw1Gjt+ADA/XYHsajl82cGNQG2eyoPkvgUhX+nDIyelzhIWbbsXP39EHcI6l5tYs2FYqYXQ==",
      "optional": true,
      "peer": true
      "optional": true,
      "peer": true,
      "integrity": "sha512-z7CMFGNrENq5iFB9Bqo64Xk6Y9sg+epq1myIcdHaGnbMTYOxvzsEtdYqQUylB7LxfkvgrrjP32T6Ywciio9UIQ==",
      "optional": true,
      "peer": true
      "integrity": "sha512-pZe//GGmwJndub7ZghVHz7vjb2LgC1m8B07Au3eYqeqv9emhESByMXxaEgkUkEqJe87oBbSniGYoQNIBklc7IQ==",
      "optional": true,
      "peer": true
      "optional": true,
      "peer": true,
          "optional": true,
          "peer": true,
          "optional": true,
          "peer": true,
          "integrity": "sha512-XCuKFP5PS55gnMVu3dty8KPatLqUoy/ZYzDzAGCQ8JNFCkLXzmI7vNHCR+XpbZaMWQK/vQubr7PkYq8g470J/A==",
          "optional": true,
          "peer": true
          "optional": true,
          "peer": true,
          "optional": true,
          "peer": true,
          "optional": true,
          "peer": true,
          "optional": true,
          "peer": true,
          "integrity": "sha512-jumlc0BIUrS3qJGgIkWZsyfAM7NCWiBcCDhnd+3NNM5KbBmLTgHVfWBcg6W+rLUsIpzpERPsvwUP7CckAQSOoA==",
          "optional": true,
          "peer": true
          "optional": true,
          "peer": true,
          "integrity": "sha512-vVqVZQyf3WLx2Shd0qJ9xuvqgAyKPLAiqITEtqW0oIUjzo3PePDd6fW9iFz30ef7Ysp/oiWqbhszeGWW2T6Gzw==",
          "optional": true,
          "peer": true
          "optional": true,
          "peer": true,
              "optional": true,
              "peer": true,
          "optional": true,
          "peer": true,
          "optional": true,
          "peer": true,
          "optional": true,
          "peer": true,
          "integrity": "sha512-3wdGidZyq5PB084XLES5TpOSRA3wjXAlIWMhum2kRcv/41Sn2emQ0dycQW4uZXLejwKvg6EsvbdlVL+FYEct7A==",
          "optional": true,
          "peer": true
      "integrity": "sha512-hdN1wVrZbb29eBGiGjJbeP8JbKjq1urkHJ/LIP/NY48MZ1QVXUsQBV1G1zvYFHn1XE06cwjBsOI2K3Ulnj1YXQ==",
      "optional": true,
      "peer": true
      "optional": true,
      "peer": true,
          "optional": true,
          "peer": true,
          "optional": true,
          "peer": true,
          "optional": true,
          "peer": true,
          "optional": true,
          "peer": true,
          "integrity": "sha512-OIAYXk8+ISY+qTOwkHtKqzAuxchoMiD9Udx+FSGQDuiRR+PJKJHc2NJAXlbhkGwTt/4/nKZxELY1w3ReWOL8mw==",
          "optional": true,
          "peer": true
          "integrity": "sha512-3wdGidZyq5PB084XLES5TpOSRA3wjXAlIWMhum2kRcv/41Sn2emQ0dycQW4uZXLejwKvg6EsvbdlVL+FYEct7A==",
          "optional": true,
          "peer": true
          "integrity": "sha512-y11nGElTIV+CT3Zv9t7VKl+Q3hTQoT9a1Qzezhhl6Rp21gJ/IVTW7Z3y9EWXhuUBC2Shnf+DX0antecpAwSP8w==",
          "optional": true,
          "peer": true
      "optional": true,
      "peer": true,
          "integrity": "sha512-3CYzex9M9FGQjCGMGyi6/31c8GJbgb0qGyrx5HWxPd0aCwh4cB2YjMb2Xf9UuoogrMrlO9cTqnB5rI5GHZTcUA==",
          "optional": true,
          "peer": true
      "optional": true,
      "peer": true,
      "optional": true,
      "peer": true,
      "integrity": "sha512-2ZTgtl0nJsO0KQCjEpxcIr5D+Yv90plTitZt9JBfQvVJDS5seMl3FOvsh3+9CoYWXf/1l5OaZzzF6nDm4cagaQ==",
      "optional": true
      "optional": true,
      "peer": true,
          "optional": true,
          "peer": true,
          "optional": true,
          "peer": true,
          "optional": true,
          "peer": true,
          "optional": true,
          "peer": true,
          "optional": true,
          "peer": true,
          "integrity": "sha512-3wdGidZyq5PB084XLES5TpOSRA3wjXAlIWMhum2kRcv/41Sn2emQ0dycQW4uZXLejwKvg6EsvbdlVL+FYEct7A==",
          "optional": true,
          "peer": true
      "optional": true,
      "peer": true,
          "optional": true,
          "peer": true,
          "optional": true,
          "peer": true,
          "optional": true,
          "peer": true,
          "integrity": "sha512-dOy+3AuW3a2wNbZHIuMZpTcgjGuLU/uBL/ubcZF9OXbDo8ff4O8yVp5Bf0efS8uEoYo5q4Fx7dY9OgQGXgAsQA==",
          "optional": true,
          "peer": true
          "integrity": "sha512-EykJT/Q1KjTWctppgIAgfSO0tKVuZUjhgMr17kqTumMl6Afv3EISleU7qZUzoXDFTAHTDC4NOoG/ZxU3EvlMPQ==",
          "optional": true,
          "peer": true
          "optional": true,
          "peer": true,
      "optional": true,
      "peer": true,
      "optional": true,
      "peer": true,
      "optional": true,
      "peer": true,
      "integrity": "sha512-ARhCpm70fzdcvNQfPoy49IaanKkTlRWF2JMzqhcJbhSFRZv7nPTvZJdcY7301IPmvW+/p0RgIWnQDLJxifsQ7g==",
      "optional": true,
      "peer": true
      "optional": true,
      "peer": true,
          "optional": true,
          "peer": true,
          "optional": true,
          "peer": true,
          "optional": true,
          "peer": true,
          "integrity": "sha512-dOy+3AuW3a2wNbZHIuMZpTcgjGuLU/uBL/ubcZF9OXbDo8ff4O8yVp5Bf0efS8uEoYo5q4Fx7dY9OgQGXgAsQA==",
          "optional": true,
          "peer": true
          "optional": true,
          "peer": true,
          "integrity": "sha512-0pfFzegeDWJHJIAmTLRP2DwHjdF5s7jo9tuztdQxAhINCdvS+3nGINqPd00AphqJR/0LhANUS6/+7SCb98YOfA==",
          "optional": true,
          "peer": true
          "optional": true,
          "peer": true,
          "integrity": "sha512-tVpsJW7DdjecAiFpbIB1e3qxIQsE6NoPc5/eTdrbbIC4h0LVsWhnoa3g+m2HclBIujHzsxZ4VJVA+GUuc2/LBw==",
          "optional": true,
          "peer": true
      "optional": true,
      "peer": true,
          "integrity": "sha512-l3BikUxvPOcn5E74dZiq5BGsTb5yEwhaTSzccU6t4sDOH8NWJCstKO5QT2CvtFoK6F0saL7p9xHAqHOlCPJygA==",
          "optional": true,
          "peer": true
      "integrity": "sha512-94hK0Hh8rPqQl2xXc3HsaBoOXKV20MToPkcXvwbISWLEs+64sBq5kFgn2kJDHb1Pry9yrP0dxrCI9RRci7RXKg==",
      "optional": true,
      "peer": true
      "optional": true,
      "peer": true,
          "integrity": "sha512-WKa+XuLG1A1R0UWhl2+1XQSi+fZWMsYKffMZTTYsiZaUD8k2yDAj5atimTUD2TZkyCkNEeYE5NhFZmupOGtjYQ==",
          "optional": true,
          "peer": true
      "optional": true,
      "peer": true,
      "optional": true,
      "peer": true,
      "integrity": "sha512-c1PTsA3tYrIsLGkJkzHF+w9F2EyxfXGo4UyJc4pFL++FMjnq0HJS69T3M7d//gKrFKwy429bouPescbjecU+Zw==",
      "optional": true,
      "peer": true
      "integrity": "sha512-0z3j8R7MCjy10kc/g+qg7Ln3alJTodw9aDuVWZa3uiWqfuBMKeAeP2ocWcxoyM3D73yz3Jt/Pu4qPr4wHSdB/Q==",
      "optional": true,
      "peer": true
      "optional": true,
      "peer": true,
